
Microsoft Visual Studio Solution File, Format Version 12.00
# Visual Studio Version 16
VisualStudioVersion = 16.0.30114.105
MinimumVisualStudioVersion = 10.0.40219.1
Project("{9A19103F-16F7-4668-BE54-9A1E7A4F7556}") = "BotekoGO", "BotekoGO\BotekoGO.csproj", "{18CC3648-0741-405B-B759-2D12E20A9D7A}"
EndProject
Project("{FAE04EC0-301F-11D3-BF4B-00C04F79EFBC}") = "BotekoGOAPP.Android", "BotekoGOAPP\BotekoGOAPP.Android\BotekoGOAPP.Android.csproj", "{A6F2E4A8-EBA8-4C02-9B3C-234EDB737A8A}"
EndProject
Project("{FAE04EC0-301F-11D3-BF4B-00C04F79EFBC}") = "BotekoGOAPP.iOS", "BotekoGOAPP\BotekoGOAPP.iOS\BotekoGOAPP.iOS.csproj", "{BD77D793-827F-4174-9D82-E6B08DFDDFA2}"
EndProject
Project("{FAE04EC0-301F-11D3-BF4B-00C04F79EFBC}") = "BotekoGOAPP", "BotekoGOAPP\BotekoGOAPP\BotekoGOAPP.csproj", "{2D88065B-7D83-46CC-8744-726A581136DB}"
EndProject
Global
	GlobalSection(SolutionConfigurationPlatforms) = preSolution
		Debug|Any CPU = Debug|Any CPU
		Debug|iPhone = Debug|iPhone
		Debug|iPhoneSimulator = Debug|iPhoneSimulator
		Release|Any CPU = Release|Any CPU
		Release|iPhone = Release|iPhone
		Release|iPhoneSimulator = Release|iPhoneSimulator
	EndGlobalSection
	GlobalSection(ProjectConfigurationPlatforms) = postSolution
		{18CC3648-0741-405B-B759-2D12E20A9D7A}.Debug|Any CPU.ActiveCfg = Debug|Any CPU
		{18CC3648-0741-405B-B759-2D12E20A9D7A}.Debug|Any CPU.Build.0 = Debug|Any CPU
		{18CC3648-0741-405B-B759-2D12E20A9D7A}.Debug|iPhone.ActiveCfg = Debug|Any CPU
		{18CC3648-0741-405B-B759-2D12E20A9D7A}.Debug|iPhone.Build.0 = Debug|Any CPU
		{18CC3648-0741-405B-B759-2D12E20A9D7A}.Debug|iPhoneSimulator.ActiveCfg = Debug|Any CPU
		{18CC3648-0741-405B-B759-2D12E20A9D7A}.Debug|iPhoneSimulator.Build.0 = Debug|Any CPU
		{18CC3648-0741-405B-B759-2D12E20A9D7A}.Release|Any CPU.ActiveCfg = Release|Any CPU
		{18CC3648-0741-405B-B759-2D12E20A9D7A}.Release|Any CPU.Build.0 = Release|Any CPU
		{18CC3648-0741-405B-B759-2D12E20A9D7A}.Release|iPhone.ActiveCfg = Release|Any CPU
		{18CC3648-0741-405B-B759-2D12E20A9D7A}.Release|iPhone.Build.0 = Release|Any CPU
		{18CC3648-0741-405B-B759-2D12E20A9D7A}.Release|iPhoneSimulator.ActiveCfg = Release|Any CPU
		{18CC3648-0741-405B-B759-2D12E20A9D7A}.Release|iPhoneSimulator.Build.0 = Release|Any CPU
		{A6F2E4A8-EBA8-4C02-9B3C-234EDB737A8A}.Debug|Any CPU.ActiveCfg = Debug|Any CPU
		{A6F2E4A8-EBA8-4C02-9B3C-234EDB737A8A}.Debug|Any CPU.Build.0 = Debug|Any CPU
		{A6F2E4A8-EBA8-4C02-9B3C-234EDB737A8A}.Debug|Any CPU.Deploy.0 = Debug|Any CPU
		{A6F2E4A8-EBA8-4C02-9B3C-234EDB737A8A}.Debug|iPhone.ActiveCfg = Debug|Any CPU
		{A6F2E4A8-EBA8-4C02-9B3C-234EDB737A8A}.Debug|iPhone.Build.0 = Debug|Any CPU
		{A6F2E4A8-EBA8-4C02-9B3C-234EDB737A8A}.Debug|iPhone.Deploy.0 = Debug|Any CPU
		{A6F2E4A8-EBA8-4C02-9B3C-234EDB737A8A}.Debug|iPhoneSimulator.ActiveCfg = Debug|Any CPU
		{A6F2E4A8-EBA8-4C02-9B3C-234EDB737A8A}.Debug|iPhoneSimulator.Build.0 = Debug|Any CPU
		{A6F2E4A8-EBA8-4C02-9B3C-234EDB737A8A}.Debug|iPhoneSimulator.Deploy.0 = Debug|Any CPU
		{A6F2E4A8-EBA8-4C02-9B3C-234EDB737A8A}.Release|Any CPU.ActiveCfg = Release|Any CPU
		{A6F2E4A8-EBA8-4C02-9B3C-234EDB737A8A}.Release|Any CPU.Build.0 = Release|Any CPU
		{A6F2E4A8-EBA8-4C02-9B3C-234EDB737A8A}.Release|Any CPU.Deploy.0 = Release|Any CPU
		{A6F2E4A8-EBA8-4C02-9B3C-234EDB737A8A}.Release|iPhone.ActiveCfg = Release|Any CPU
		{A6F2E4A8-EBA8-4C02-9B3C-234EDB737A8A}.Release|iPhone.Build.0 = Release|Any CPU
		{A6F2E4A8-EBA8-4C02-9B3C-234EDB737A8A}.Release|iPhone.Deploy.0 = Release|Any CPU
		{A6F2E4A8-EBA8-4C02-9B3C-234EDB737A8A}.Release|iPhoneSimulator.ActiveCfg = Release|Any CPU
		{A6F2E4A8-EBA8-4C02-9B3C-234EDB737A8A}.Release|iPhoneSimulator.Build.0 = Release|Any CPU
		{A6F2E4A8-EBA8-4C02-9B3C-234EDB737A8A}.Release|iPhoneSimulator.Deploy.0 = Release|Any CPU
		{BD77D793-827F-4174-9D82-E6B08DFDDFA2}.Debug|Any CPU.ActiveCfg = Debug|iPhone
		{BD77D793-827F-4174-9D82-E6B08DFDDFA2}.Debug|iPhone.ActiveCfg = Debug|iPhone
		{BD77D793-827F-4174-9D82-E6B08DFDDFA2}.Debug|iPhone.Build.0 = Debug|iPhone
		{BD77D793-827F-4174-9D82-E6B08DFDDFA2}.Debug|iPhoneSimulator.ActiveCfg = Debug|iPhoneSimulator
		{BD77D793-827F-4174-9D82-E6B08DFDDFA2}.Debug|iPhoneSimulator.Build.0 = Debug|iPhoneSimulator
		{BD77D793-827F-4174-9D82-E6B08DFDDFA2}.Release|Any CPU.ActiveCfg = Release|iPhone
		{BD77D793-827F-4174-9D82-E6B08DFDDFA2}.Release|iPhone.ActiveCfg = Release|iPhone
		{BD77D793-827F-4174-9D82-E6B08DFDDFA2}.Release|iPhone.Build.0 = Release|iPhone
		{BD77D793-827F-4174-9D82-E6B08DFDDFA2}.Release|iPhoneSimulator.ActiveCfg = Release|iPhoneSimulator
		{BD77D793-827F-4174-9D82-E6B08DFDDFA2}.Release|iPhoneSimulator.Build.0 = Release|iPhoneSimulator
		{2D88065B-7D83-46CC-8744-726A581136DB}.Debug|Any CPU.ActiveCfg = Debug|Any CPU
		{2D88065B-7D83-46CC-8744-726A581136DB}.Debug|Any CPU.Build.0 = Debug|Any CPU
		{2D88065B-7D83-46CC-8744-726A581136DB}.Debug|iPhone.ActiveCfg = Debug|Any CPU
		{2D88065B-7D83-46CC-8744-726A581136DB}.Debug|iPhone.Build.0 = Debug|Any CPU
		{2D88065B-7D83-46CC-8744-726A581136DB}.Debug|iPhoneSimulator.ActiveCfg = Debug|Any CPU
		{2D88065B-7D83-46CC-8744-726A581136DB}.Debug|iPhoneSimulator.Build.0 = Debug|Any CPU
		{2D88065B-7D83-46CC-8744-726A581136DB}.Release|Any CPU.ActiveCfg = Release|Any CPU
		{2D88065B-7D83-46CC-8744-726A581136DB}.Release|Any CPU.Build.0 = Release|Any CPU
		{2D88065B-7D83-46CC-8744-726A581136DB}.Release|iPhone.ActiveCfg = Release|Any CPU
		{2D88065B-7D83-46CC-8744-726A581136DB}.Release|iPhone.Build.0 = Release|Any CPU
		{2D88065B-7D83-46CC-8744-726A581136DB}.Release|iPhoneSimulator.ActiveCfg = Release|Any CPU
		{2D88065B-7D83-46CC-8744-726A581136DB}.Release|iPhoneSimulator.Build.0 = Release|Any CPU
	EndGlobalSection
	GlobalSection(SolutionProperties) = preSolution
		HideSolutionNode = FALSE
	EndGlobalSection
	GlobalSection(ExtensibilityGlobals) = postSolution
		SolutionGuid = {86AAB49B-70F4-4D02-9D6A-BFD19F40E0B1}
	EndGlobalSection
EndGlobal
